
Microsoft Visual Studio Solution File, Format Version 12.00
# Visual Studio 14
VisualStudioVersion = 14.0.25420.1
MinimumVisualStudioVersion = 10.0.40219.1
Project("{FAE04EC0-301F-11D3-BF4B-00C04F79EFBC}") = "Magic Dates", "Magic Dates\Magic Dates.csproj", "{F32B276B-9033-449B-9C5C-07F02520D84E}"
EndProject
Global
	GlobalSection(SolutionConfigurationPlatforms) = preSolution
		Debug|Any CPU = Debug|Any CPU
		Release|Any CPU = Release|Any CPU
	EndGlobalSection
	GlobalSection(ProjectConfigurationPlatforms) = postSolution
		{F32B276B-9033-449B-9C5C-07F02520D84E}.Debug|Any CPU.ActiveCfg = Debug|Any CPU
		{F32B276B-9033-449B-9C5C-07F02520D84E}.Debug|Any CPU.Build.0 = Debug|Any CPU
		{F32B276B-9033-449B-9C5C-07F02520D84E}.Release|Any CPU.ActiveCfg = Release|Any CPU
		{F32B276B-9033-449B-9C5C-07F02520D84E}.Release|Any CPU.Build.0 = Release|Any CPU
	EndGlobalSection
	GlobalSection(SolutionProperties) = preSolution
		HideSolutionNode = FALSE
	EndGlobalSection
EndGlobal
